
Microsoft Visual Studio Solution File, Format Version 12.00
# Visual Studio Version 17
VisualStudioVersion = 17.11.35312.102
MinimumVisualStudioVersion = 10.0.40219.1
Project("{FAE04EC0-301F-11D3-BF4B-00C04F79EFBC}") = "7oct2024", "7oct2024.csproj", "{C2CDAADF-C593-4DAA-B6E4-AF6CD84568D1}"
EndProject
Global
	GlobalSection(SolutionConfigurationPlatforms) = preSolution
		Debug|Any CPU = Debug|Any CPU
		Release|Any CPU = Release|Any CPU
	EndGlobalSection
	GlobalSection(ProjectConfigurationPlatforms) = postSolution
		{C2CDAADF-C593-4DAA-B6E4-AF6CD84568D1}.Debug|Any CPU.ActiveCfg = Debug|Any CPU
		{C2CDAADF-C593-4DAA-B6E4-AF6CD84568D1}.Debug|Any CPU.Build.0 = Debug|Any CPU
		{C2CDAADF-C593-4DAA-B6E4-AF6CD84568D1}.Release|Any CPU.ActiveCfg = Release|Any CPU
		{C2CDAADF-C593-4DAA-B6E4-AF6CD84568D1}.Release|Any CPU.Build.0 = Release|Any CPU
	EndGlobalSection
	GlobalSection(SolutionProperties) = preSolution
		HideSolutionNode = FALSE
	EndGlobalSection
	GlobalSection(ExtensibilityGlobals) = postSolution
		SolutionGuid = {91BE3911-90BD-437F-A5D3-805334A32324}
	EndGlobalSection
EndGlobal
